
Microsoft Visual Studio Solution File, Format Version 12.00
# Visual Studio Version 17
VisualStudioVersion = 17.14.36221.1
MinimumVisualStudioVersion = 10.0.40219.1
Project("{2150E333-8FDC-42A3-9474-1A3956D46DE8}") = "src", "src", "{02EA681E-C7D8-13C7-8484-4AC65E1B71E8}"
EndProject
Project("{2150E333-8FDC-42A3-9474-1A3956D46DE8}") = "test", "test", "{3CA76E2E-7AC8-4721-9A24-991AE20D448C}"
EndProject
Project("{FAE04EC0-301F-11D3-BF4B-00C04F79EFBC}") = "JPC.Backup", "src\Backup\JPC.Backup.csproj", "{B12DF7E4-B5AB-B91C-5DE4-67D754DD4F8C}"
EndProject
Project("{FAE04EC0-301F-11D3-BF4B-00C04F79EFBC}") = "JPC.Backup.API", "src\Backup.API\JPC.Backup.API.csproj", "{AC340A30-2598-B478-4C01-5F3ED50EDDD3}"
EndProject
Project("{FAE04EC0-301F-11D3-BF4B-00C04F79EFBC}") = "JC.CommandLine", "src\JC.CommandLine\JC.CommandLine.csproj", "{B9DA3329-7684-BCEF-B795-4CF91E4AED03}"
EndProject
Project("{FAE04EC0-301F-11D3-BF4B-00C04F79EFBC}") = "JPC.Common", "src\JPC.Common\JPC.Common.csproj", "{C22F2475-CDD3-2A68-BD4F-4C5E8C3BAB96}"
EndProject
Project("{FAE04EC0-301F-11D3-BF4B-00C04F79EFBC}") = "JPC.Common.Testing", "src\JPC.Common.Testing\JPC.Common.Testing.csproj", "{1C96651A-5CC9-1282-7C7C-5E33218477D5}"
EndProject
Project("{FAE04EC0-301F-11D3-BF4B-00C04F79EFBC}") = "JC.CommandLine.UnitTests", "test\JC.CommandLine.UnitTests\JC.CommandLine.UnitTests.csproj", "{B0B140BE-853D-8447-8AED-C0AB93450B84}"
EndProject
Project("{FAE04EC0-301F-11D3-BF4B-00C04F79EFBC}") = "JPC.Backup.UnitTests", "test\JPC.Backup.UnitTests\JPC.Backup.UnitTests.csproj", "{8151655D-3BDC-ED19-FBE6-6D015C156FFD}"
EndProject
Project("{FAE04EC0-301F-11D3-BF4B-00C04F79EFBC}") = "JPC.Common.UnitTests", "test\JPC.Common.UnitTests\JPC.Common.UnitTests.csproj", "{BAAB753B-6391-573F-5A36-10AEACA60A04}"
EndProject
Project("{FAE04EC0-301F-11D3-BF4B-00C04F79EFBC}") = "JC.CommandLine.IntegrationTests.SimpleParse", "test\JC.CommandLine.IntegrationTests.SimpleParse\JC.CommandLine.IntegrationTests.SimpleParse.csproj", "{EEDE9561-157D-80A0-1666-ACA8B78DBBDD}"
EndProject
Project("{FAE04EC0-301F-11D3-BF4B-00C04F79EFBC}") = "JC.CommandLine.IntegrationTests.ReadingFiles", "test\JC.CommandLine.IntegrationTests.ReadingFiles\JC.CommandLine.IntegrationTests.ReadingFiles.csproj", "{3C7B4F7F-45B7-C082-ABE7-B0C4931462E8}"
EndProject
Project("{FAE04EC0-301F-11D3-BF4B-00C04F79EFBC}") = "JC.CommandLine.IntegrationTests.ConstructorBinding", "test\JC.CommandLine.IntegrationTests.ConstructorBinding\JC.CommandLine.IntegrationTests.ConstructorBinding.csproj", "{39773841-079F-4194-9ABB-26D005449A3A}"
EndProject
Project("{FAE04EC0-301F-11D3-BF4B-00C04F79EFBC}") = "JC.CommandLine.IntegrationTests.ArgsFiles", "test\JC.CommandLine.IntegrationTests.ArgsFiles\JC.CommandLine.IntegrationTests.ArgsFiles.csproj", "{613FF379-CD04-48F9-9F6E-B7125B380E9B}"
EndProject
Global
	GlobalSection(SolutionConfigurationPlatforms) = preSolution
		Debug|Any CPU = Debug|Any CPU
		Release|Any CPU = Release|Any CPU
	EndGlobalSection
	GlobalSection(ProjectConfigurationPlatforms) = postSolution
		{B12DF7E4-B5AB-B91C-5DE4-67D754DD4F8C}.Debug|Any CPU.ActiveCfg = Debug|Any CPU
		{B12DF7E4-B5AB-B91C-5DE4-67D754DD4F8C}.Debug|Any CPU.Build.0 = Debug|Any CPU
		{B12DF7E4-B5AB-B91C-5DE4-67D754DD4F8C}.Release|Any CPU.ActiveCfg = Release|Any CPU
		{B12DF7E4-B5AB-B91C-5DE4-67D754DD4F8C}.Release|Any CPU.Build.0 = Release|Any CPU
		{AC340A30-2598-B478-4C01-5F3ED50EDDD3}.Debug|Any CPU.ActiveCfg = Debug|Any CPU
		{AC340A30-2598-B478-4C01-5F3ED50EDDD3}.Debug|Any CPU.Build.0 = Debug|Any CPU
		{AC340A30-2598-B478-4C01-5F3ED50EDDD3}.Release|Any CPU.ActiveCfg = Release|Any CPU
		{AC340A30-2598-B478-4C01-5F3ED50EDDD3}.Release|Any CPU.Build.0 = Release|Any CPU
		{B9DA3329-7684-BCEF-B795-4CF91E4AED03}.Debug|Any CPU.ActiveCfg = Debug|Any CPU
		{B9DA3329-7684-BCEF-B795-4CF91E4AED03}.Debug|Any CPU.Build.0 = Debug|Any CPU
		{B9DA3329-7684-BCEF-B795-4CF91E4AED03}.Release|Any CPU.ActiveCfg = Release|Any CPU
		{B9DA3329-7684-BCEF-B795-4CF91E4AED03}.Release|Any CPU.Build.0 = Release|Any CPU
		{C22F2475-CDD3-2A68-BD4F-4C5E8C3BAB96}.Debug|Any CPU.ActiveCfg = Debug|Any CPU
		{C22F2475-CDD3-2A68-BD4F-4C5E8C3BAB96}.Debug|Any CPU.Build.0 = Debug|Any CPU
		{C22F2475-CDD3-2A68-BD4F-4C5E8C3BAB96}.Release|Any CPU.ActiveCfg = Release|Any CPU
		{C22F2475-CDD3-2A68-BD4F-4C5E8C3BAB96}.Release|Any CPU.Build.0 = Release|Any CPU
		{1C96651A-5CC9-1282-7C7C-5E33218477D5}.Debug|Any CPU.ActiveCfg = Debug|Any CPU
		{1C96651A-5CC9-1282-7C7C-5E33218477D5}.Debug|Any CPU.Build.0 = Debug|Any CPU
		{1C96651A-5CC9-1282-7C7C-5E33218477D5}.Release|Any CPU.ActiveCfg = Release|Any CPU
		{1C96651A-5CC9-1282-7C7C-5E33218477D5}.Release|Any CPU.Build.0 = Release|Any CPU
		{B0B140BE-853D-8447-8AED-C0AB93450B84}.Debug|Any CPU.ActiveCfg = Debug|Any CPU
		{B0B140BE-853D-8447-8AED-C0AB93450B84}.Debug|Any CPU.Build.0 = Debug|Any CPU
		{B0B140BE-853D-8447-8AED-C0AB93450B84}.Release|Any CPU.ActiveCfg = Release|Any CPU
		{B0B140BE-853D-8447-8AED-C0AB93450B84}.Release|Any CPU.Build.0 = Release|Any CPU
		{8151655D-3BDC-ED19-FBE6-6D015C156FFD}.Debug|Any CPU.ActiveCfg = Debug|Any CPU
		{8151655D-3BDC-ED19-FBE6-6D015C156FFD}.Debug|Any CPU.Build.0 = Debug|Any CPU
		{8151655D-3BDC-ED19-FBE6-6D015C156FFD}.Release|Any CPU.ActiveCfg = Release|Any CPU
		{8151655D-3BDC-ED19-FBE6-6D015C156FFD}.Release|Any CPU.Build.0 = Release|Any CPU
		{BAAB753B-6391-573F-5A36-10AEACA60A04}.Debug|Any CPU.ActiveCfg = Debug|Any CPU
		{BAAB753B-6391-573F-5A36-10AEACA60A04}.Debug|Any CPU.Build.0 = Debug|Any CPU
		{BAAB753B-6391-573F-5A36-10AEACA60A04}.Release|Any CPU.ActiveCfg = Release|Any CPU
		{BAAB753B-6391-573F-5A36-10AEACA60A04}.Release|Any CPU.Build.0 = Release|Any CPU
		{EEDE9561-157D-80A0-1666-ACA8B78DBBDD}.Debug|Any CPU.ActiveCfg = Debug|Any CPU
		{EEDE9561-157D-80A0-1666-ACA8B78DBBDD}.Debug|Any CPU.Build.0 = Debug|Any CPU
		{EEDE9561-157D-80A0-1666-ACA8B78DBBDD}.Release|Any CPU.ActiveCfg = Release|Any CPU
		{EEDE9561-157D-80A0-1666-ACA8B78DBBDD}.Release|Any CPU.Build.0 = Release|Any CPU
		{3C7B4F7F-45B7-C082-ABE7-B0C4931462E8}.Debug|Any CPU.ActiveCfg = Debug|Any CPU
		{3C7B4F7F-45B7-C082-ABE7-B0C4931462E8}.Debug|Any CPU.Build.0 = Debug|Any CPU
		{3C7B4F7F-45B7-C082-ABE7-B0C4931462E8}.Release|Any CPU.ActiveCfg = Release|Any CPU
		{3C7B4F7F-45B7-C082-ABE7-B0C4931462E8}.Release|Any CPU.Build.0 = Release|Any CPU
		{39773841-079F-4194-9ABB-26D005449A3A}.Debug|Any CPU.ActiveCfg = Debug|Any CPU
		{39773841-079F-4194-9ABB-26D005449A3A}.Debug|Any CPU.Build.0 = Debug|Any CPU
		{39773841-079F-4194-9ABB-26D005449A3A}.Release|Any CPU.ActiveCfg = Release|Any CPU
		{39773841-079F-4194-9ABB-26D005449A3A}.Release|Any CPU.Build.0 = Release|Any CPU
		{613FF379-CD04-48F9-9F6E-B7125B380E9B}.Debug|Any CPU.ActiveCfg = Debug|Any CPU
		{613FF379-CD04-48F9-9F6E-B7125B380E9B}.Debug|Any CPU.Build.0 = Debug|Any CPU
		{613FF379-CD04-48F9-9F6E-B7125B380E9B}.Release|Any CPU.ActiveCfg = Release|Any CPU
		{613FF379-CD04-48F9-9F6E-B7125B380E9B}.Release|Any CPU.Build.0 = Release|Any CPU
	EndGlobalSection
	GlobalSection(SolutionProperties) = preSolution
		HideSolutionNode = FALSE
	EndGlobalSection
	GlobalSection(NestedProjects) = preSolution
		{B12DF7E4-B5AB-B91C-5DE4-67D754DD4F8C} = {02EA681E-C7D8-13C7-8484-4AC65E1B71E8}
		{AC340A30-2598-B478-4C01-5F3ED50EDDD3} = {02EA681E-C7D8-13C7-8484-4AC65E1B71E8}
		{B9DA3329-7684-BCEF-B795-4CF91E4AED03} = {02EA681E-C7D8-13C7-8484-4AC65E1B71E8}
		{C22F2475-CDD3-2A68-BD4F-4C5E8C3BAB96} = {02EA681E-C7D8-13C7-8484-4AC65E1B71E8}
		{1C96651A-5CC9-1282-7C7C-5E33218477D5} = {02EA681E-C7D8-13C7-8484-4AC65E1B71E8}
		{B0B140BE-853D-8447-8AED-C0AB93450B84} = {3CA76E2E-7AC8-4721-9A24-991AE20D448C}
		{8151655D-3BDC-ED19-FBE6-6D015C156FFD} = {3CA76E2E-7AC8-4721-9A24-991AE20D448C}
		{BAAB753B-6391-573F-5A36-10AEACA60A04} = {3CA76E2E-7AC8-4721-9A24-991AE20D448C}
		{EEDE9561-157D-80A0-1666-ACA8B78DBBDD} = {3CA76E2E-7AC8-4721-9A24-991AE20D448C}
		{3C7B4F7F-45B7-C082-ABE7-B0C4931462E8} = {3CA76E2E-7AC8-4721-9A24-991AE20D448C}
		{39773841-079F-4194-9ABB-26D005449A3A} = {3CA76E2E-7AC8-4721-9A24-991AE20D448C}
		{613FF379-CD04-48F9-9F6E-B7125B380E9B} = {3CA76E2E-7AC8-4721-9A24-991AE20D448C}
	EndGlobalSection
	GlobalSection(ExtensibilityGlobals) = postSolution
		SolutionGuid = {39AE0B68-832C-4D7D-9E7C-9C35EEA8EC14}
	EndGlobalSection
EndGlobal
